
Microsoft Visual Studio Solution File, Format Version 12.00
# Visual Studio Version 16
VisualStudioVersion = 16.0.30413.136
MinimumVisualStudioVersion = 10.0.40219.1
Project("{FAE04EC0-301F-11D3-BF4B-00C04F79EFBC}") = "LeaveManagement", "LeaveManagement\LeaveManagement.csproj", "{40F07057-52A0-45CC-A7EB-83AAF9B2506F}"
EndProject
Global
	GlobalSection(SolutionConfigurationPlatforms) = preSolution
		Debug|Any CPU = Debug|Any CPU
		Release|Any CPU = Release|Any CPU
	EndGlobalSection
	GlobalSection(ProjectConfigurationPlatforms) = postSolution
		{40F07057-52A0-45CC-A7EB-83AAF9B2506F}.Debug|Any CPU.ActiveCfg = Debug|Any CPU
		{40F07057-52A0-45CC-A7EB-83AAF9B2506F}.Debug|Any CPU.Build.0 = Debug|Any CPU
		{40F07057-52A0-45CC-A7EB-83AAF9B2506F}.Release|Any CPU.ActiveCfg = Release|Any CPU
		{40F07057-52A0-45CC-A7EB-83AAF9B2506F}.Release|Any CPU.Build.0 = Release|Any CPU
	EndGlobalSection
	GlobalSection(SolutionProperties) = preSolution
		HideSolutionNode = FALSE
	EndGlobalSection
	GlobalSection(ExtensibilityGlobals) = postSolution
		SolutionGuid = {7A9E7FC6-A8A8-4AA0-A622-C23E7DB6B3F9}
	EndGlobalSection
EndGlobal
